
Microsoft Visual Studio Solution File, Format Version 12.00
# Visual Studio Version 16
VisualStudioVersion = 16.0.29613.14
MinimumVisualStudioVersion = 10.0.40219.1
Project("{FAE04EC0-301F-11D3-BF4B-00C04F79EFBC}") = "Wilon", "Wilon\Wilon.csproj", "{B1BA807D-9EEC-4C02-8D99-AE49F7184466}"
EndProject
Project("{FAE04EC0-301F-11D3-BF4B-00C04F79EFBC}") = "WilonBussines", "WilonBussines\WilonBussines.csproj", "{FF53EA8B-8304-485D-8017-03DC21973439}"
EndProject
Project("{FAE04EC0-301F-11D3-BF4B-00C04F79EFBC}") = "WilonForms", "WindowsFormsApp1\WindowsFormsApp1\WilonForms.csproj", "{89935D77-1132-4482-BDF7-FA086C798FC4}"
EndProject
Project("{FAE04EC0-301F-11D3-BF4B-00C04F79EFBC}") = "WIlonBD", "WIlonBD\WIlonBD\WIlonBD.csproj", "{C79D137B-53F7-4B72-9205-7DA59DF2E7ED}"
EndProject
Global
	GlobalSection(SolutionConfigurationPlatforms) = preSolution
		Debug|Any CPU = Debug|Any CPU
		Release|Any CPU = Release|Any CPU
	EndGlobalSection
	GlobalSection(ProjectConfigurationPlatforms) = postSolution
		{B1BA807D-9EEC-4C02-8D99-AE49F7184466}.Debug|Any CPU.ActiveCfg = Debug|Any CPU
		{B1BA807D-9EEC-4C02-8D99-AE49F7184466}.Debug|Any CPU.Build.0 = Debug|Any CPU
		{B1BA807D-9EEC-4C02-8D99-AE49F7184466}.Release|Any CPU.ActiveCfg = Release|Any CPU
		{B1BA807D-9EEC-4C02-8D99-AE49F7184466}.Release|Any CPU.Build.0 = Release|Any CPU
		{FF53EA8B-8304-485D-8017-03DC21973439}.Debug|Any CPU.ActiveCfg = Debug|Any CPU
		{FF53EA8B-8304-485D-8017-03DC21973439}.Debug|Any CPU.Build.0 = Debug|Any CPU
		{FF53EA8B-8304-485D-8017-03DC21973439}.Release|Any CPU.ActiveCfg = Release|Any CPU
		{FF53EA8B-8304-485D-8017-03DC21973439}.Release|Any CPU.Build.0 = Release|Any CPU
		{89935D77-1132-4482-BDF7-FA086C798FC4}.Debug|Any CPU.ActiveCfg = Debug|Any CPU
		{89935D77-1132-4482-BDF7-FA086C798FC4}.Debug|Any CPU.Build.0 = Debug|Any CPU
		{89935D77-1132-4482-BDF7-FA086C798FC4}.Release|Any CPU.ActiveCfg = Release|Any CPU
		{89935D77-1132-4482-BDF7-FA086C798FC4}.Release|Any CPU.Build.0 = Release|Any CPU
		{C79D137B-53F7-4B72-9205-7DA59DF2E7ED}.Debug|Any CPU.ActiveCfg = Debug|Any CPU
		{C79D137B-53F7-4B72-9205-7DA59DF2E7ED}.Debug|Any CPU.Build.0 = Debug|Any CPU
		{C79D137B-53F7-4B72-9205-7DA59DF2E7ED}.Release|Any CPU.ActiveCfg = Release|Any CPU
		{C79D137B-53F7-4B72-9205-7DA59DF2E7ED}.Release|Any CPU.Build.0 = Release|Any CPU
	EndGlobalSection
	GlobalSection(SolutionProperties) = preSolution
		HideSolutionNode = FALSE
	EndGlobalSection
	GlobalSection(ExtensibilityGlobals) = postSolution
		SolutionGuid = {EBF8A870-98C2-4D5B-9E0D-6B515D64E537}
	EndGlobalSection
EndGlobal
